
Microsoft Visual Studio Solution File, Format Version 12.00
# Visual Studio Version 17
VisualStudioVersion = 17.2.32616.157
MinimumVisualStudioVersion = 10.0.40219.1
Project("{FAE04EC0-301F-11D3-BF4B-00C04F79EFBC}") = "Project1", "Project1\Project1.csproj", "{9C68817D-7BD8-49D9-AE0C-988EDD963FBE}"
EndProject
Global
	GlobalSection(SolutionConfigurationPlatforms) = preSolution
		Debug|Any CPU = Debug|Any CPU
		Release|Any CPU = Release|Any CPU
	EndGlobalSection
	GlobalSection(ProjectConfigurationPlatforms) = postSolution
		{9C68817D-7BD8-49D9-AE0C-988EDD963FBE}.Debug|Any CPU.ActiveCfg = Debug|Any CPU
		{9C68817D-7BD8-49D9-AE0C-988EDD963FBE}.Debug|Any CPU.Build.0 = Debug|Any CPU
		{9C68817D-7BD8-49D9-AE0C-988EDD963FBE}.Release|Any CPU.ActiveCfg = Release|Any CPU
		{9C68817D-7BD8-49D9-AE0C-988EDD963FBE}.Release|Any CPU.Build.0 = Release|Any CPU
	EndGlobalSection
	GlobalSection(SolutionProperties) = preSolution
		HideSolutionNode = FALSE
	EndGlobalSection
	GlobalSection(ExtensibilityGlobals) = postSolution
		SolutionGuid = {B3C764AA-901F-4AF0-A796-49B044407955}
	EndGlobalSection
EndGlobal
